
Microsoft Visual Studio Solution File, Format Version 12.00
# Visual Studio Version 17
VisualStudioVersion = 17.0.31808.319
MinimumVisualStudioVersion = 10.0.40219.1
Project("{9A19103F-16F7-4668-BE54-9A1E7A4F7556}") = "FootballBet.Server", "FootballBet.Server\FootballBet.Server.csproj", "{126C559C-10BE-4EA2-8CCC-DBD03FBFE416}"
EndProject
Project("{9A19103F-16F7-4668-BE54-9A1E7A4F7556}") = "FootballBet.Client", "FootballBet.Client\FootballBet.Client.csproj", "{AC793E24-D634-41F8-BDE1-F68C8BF91061}"
EndProject
Project("{9A19103F-16F7-4668-BE54-9A1E7A4F7556}") = "FootballBet.Shared", "FootballBet.Shared\FootballBet.Shared.csproj", "{54F91AC5-FCEC-420C-957E-DD474B5A76A1}"
EndProject
Project("{2150E333-8FDC-42A3-9474-1A3956D46DE8}") = "Solution Items", "Solution Items", "{0A4E16CB-4CD3-4447-A448-F90BB63B956E}"
	ProjectSection(SolutionItems) = preProject
		.editorconfig = .editorconfig
	EndProjectSection
EndProject
Project("{FAE04EC0-301F-11D3-BF4B-00C04F79EFBC}") = "FootballBet.Infrastructure", "FootballBet.Infrastructure\FootballBet.Infrastructure.csproj", "{C2731845-5D76-464A-868D-533989FBA91E}"
EndProject
Project("{FAE04EC0-301F-11D3-BF4B-00C04F79EFBC}") = "FootballBet.Repository", "FootballBet.Repository\FootballBet.Repository.csproj", "{372DDE0A-081C-4331-9F3D-5B17DA669FA6}"
EndProject
Project("{FAE04EC0-301F-11D3-BF4B-00C04F79EFBC}") = "TestProject", "TestProject\TestProject.csproj", "{A11A8429-F768-44B5-9ED7-A6ABCA7F6054}"
EndProject
Global
	GlobalSection(SolutionConfigurationPlatforms) = preSolution
		Debug|Any CPU = Debug|Any CPU
		Release|Any CPU = Release|Any CPU
	EndGlobalSection
	GlobalSection(ProjectConfigurationPlatforms) = postSolution
		{126C559C-10BE-4EA2-8CCC-DBD03FBFE416}.Debug|Any CPU.ActiveCfg = Debug|Any CPU
		{126C559C-10BE-4EA2-8CCC-DBD03FBFE416}.Debug|Any CPU.Build.0 = Debug|Any CPU
		{126C559C-10BE-4EA2-8CCC-DBD03FBFE416}.Release|Any CPU.ActiveCfg = Release|Any CPU
		{126C559C-10BE-4EA2-8CCC-DBD03FBFE416}.Release|Any CPU.Build.0 = Release|Any CPU
		{AC793E24-D634-41F8-BDE1-F68C8BF91061}.Debug|Any CPU.ActiveCfg = Debug|Any CPU
		{AC793E24-D634-41F8-BDE1-F68C8BF91061}.Debug|Any CPU.Build.0 = Debug|Any CPU
		{AC793E24-D634-41F8-BDE1-F68C8BF91061}.Release|Any CPU.ActiveCfg = Release|Any CPU
		{AC793E24-D634-41F8-BDE1-F68C8BF91061}.Release|Any CPU.Build.0 = Release|Any CPU
		{54F91AC5-FCEC-420C-957E-DD474B5A76A1}.Debug|Any CPU.ActiveCfg = Debug|Any CPU
		{54F91AC5-FCEC-420C-957E-DD474B5A76A1}.Debug|Any CPU.Build.0 = Debug|Any CPU
		{54F91AC5-FCEC-420C-957E-DD474B5A76A1}.Release|Any CPU.ActiveCfg = Release|Any CPU
		{54F91AC5-FCEC-420C-957E-DD474B5A76A1}.Release|Any CPU.Build.0 = Release|Any CPU
		{C2731845-5D76-464A-868D-533989FBA91E}.Debug|Any CPU.ActiveCfg = Debug|Any CPU
		{C2731845-5D76-464A-868D-533989FBA91E}.Debug|Any CPU.Build.0 = Debug|Any CPU
		{C2731845-5D76-464A-868D-533989FBA91E}.Release|Any CPU.ActiveCfg = Release|Any CPU
		{C2731845-5D76-464A-868D-533989FBA91E}.Release|Any CPU.Build.0 = Release|Any CPU
		{372DDE0A-081C-4331-9F3D-5B17DA669FA6}.Debug|Any CPU.ActiveCfg = Debug|Any CPU
		{372DDE0A-081C-4331-9F3D-5B17DA669FA6}.Debug|Any CPU.Build.0 = Debug|Any CPU
		{372DDE0A-081C-4331-9F3D-5B17DA669FA6}.Release|Any CPU.ActiveCfg = Release|Any CPU
		{372DDE0A-081C-4331-9F3D-5B17DA669FA6}.Release|Any CPU.Build.0 = Release|Any CPU
		{A11A8429-F768-44B5-9ED7-A6ABCA7F6054}.Debug|Any CPU.ActiveCfg = Debug|Any CPU
		{A11A8429-F768-44B5-9ED7-A6ABCA7F6054}.Debug|Any CPU.Build.0 = Debug|Any CPU
		{A11A8429-F768-44B5-9ED7-A6ABCA7F6054}.Release|Any CPU.ActiveCfg = Release|Any CPU
		{A11A8429-F768-44B5-9ED7-A6ABCA7F6054}.Release|Any CPU.Build.0 = Release|Any CPU
	EndGlobalSection
	GlobalSection(SolutionProperties) = preSolution
		HideSolutionNode = FALSE
	EndGlobalSection
	GlobalSection(ExtensibilityGlobals) = postSolution
		SolutionGuid = {345E565F-B39C-4401-B103-00FC4C10D1C8}
	EndGlobalSection
EndGlobal
